
Microsoft Visual Studio Solution File, Format Version 12.00
# Visual Studio 15
VisualStudioVersion = 15.0.26124.0
MinimumVisualStudioVersion = 15.0.26124.0
Project("{FAE04EC0-301F-11D3-BF4B-00C04F79EFBC}") = "LanguageFeatures", "LanguageFeatures.csproj", "{BF5A7D12-AE81-450B-9679-55DD35591951}"
EndProject
Global
	GlobalSection(SolutionConfigurationPlatforms) = preSolution
		Debug|Any CPU = Debug|Any CPU
		Debug|x64 = Debug|x64
		Debug|x86 = Debug|x86
		Release|Any CPU = Release|Any CPU
		Release|x64 = Release|x64
		Release|x86 = Release|x86
	EndGlobalSection
	GlobalSection(SolutionProperties) = preSolution
		HideSolutionNode = FALSE
	EndGlobalSection
	GlobalSection(ProjectConfigurationPlatforms) = postSolution
		{BF5A7D12-AE81-450B-9679-55DD35591951}.Debug|Any CPU.ActiveCfg = Debug|Any CPU
		{BF5A7D12-AE81-450B-9679-55DD35591951}.Debug|Any CPU.Build.0 = Debug|Any CPU
		{BF5A7D12-AE81-450B-9679-55DD35591951}.Debug|x64.ActiveCfg = Debug|Any CPU
		{BF5A7D12-AE81-450B-9679-55DD35591951}.Debug|x64.Build.0 = Debug|Any CPU
		{BF5A7D12-AE81-450B-9679-55DD35591951}.Debug|x86.ActiveCfg = Debug|Any CPU
		{BF5A7D12-AE81-450B-9679-55DD35591951}.Debug|x86.Build.0 = Debug|Any CPU
		{BF5A7D12-AE81-450B-9679-55DD35591951}.Release|Any CPU.ActiveCfg = Release|Any CPU
		{BF5A7D12-AE81-450B-9679-55DD35591951}.Release|Any CPU.Build.0 = Release|Any CPU
		{BF5A7D12-AE81-450B-9679-55DD35591951}.Release|x64.ActiveCfg = Release|Any CPU
		{BF5A7D12-AE81-450B-9679-55DD35591951}.Release|x64.Build.0 = Release|Any CPU
		{BF5A7D12-AE81-450B-9679-55DD35591951}.Release|x86.ActiveCfg = Release|Any CPU
		{BF5A7D12-AE81-450B-9679-55DD35591951}.Release|x86.Build.0 = Release|Any CPU
	EndGlobalSection
EndGlobal
